
Microsoft Visual Studio Solution File, Format Version 12.00
# Visual Studio Version 16
VisualStudioVersion = 16.0.29102.190
MinimumVisualStudioVersion = 10.0.40219.1
Project("{FAE04EC0-301F-11D3-BF4B-00C04F79EFBC}") = "Digikabu", "Digikabu\Digikabu.csproj", "{EEC116CE-567F-499C-A64D-D95B297D6F54}"
EndProject
Global
	GlobalSection(SolutionConfigurationPlatforms) = preSolution
		Debug|Any CPU = Debug|Any CPU
		Release|Any CPU = Release|Any CPU
	EndGlobalSection
	GlobalSection(ProjectConfigurationPlatforms) = postSolution
		{EEC116CE-567F-499C-A64D-D95B297D6F54}.Debug|Any CPU.ActiveCfg = Debug|Any CPU
		{EEC116CE-567F-499C-A64D-D95B297D6F54}.Debug|Any CPU.Build.0 = Debug|Any CPU
		{EEC116CE-567F-499C-A64D-D95B297D6F54}.Release|Any CPU.ActiveCfg = Release|Any CPU
		{EEC116CE-567F-499C-A64D-D95B297D6F54}.Release|Any CPU.Build.0 = Release|Any CPU
	EndGlobalSection
	GlobalSection(SolutionProperties) = preSolution
		HideSolutionNode = FALSE
	EndGlobalSection
	GlobalSection(ExtensibilityGlobals) = postSolution
		SolutionGuid = {AEBC0742-981B-4405-BFF6-216D9D9EEDB3}
	EndGlobalSection
EndGlobal
